
Microsoft Visual Studio Solution File, Format Version 12.00
# Visual Studio Version 17
VisualStudioVersion = 17.14.36623.8 d17.14
MinimumVisualStudioVersion = 10.0.40219.1
Project("{FAE04EC0-301F-11D3-BF4B-00C04F79EFBC}") = "Q4Projecto-Presupuesto-Personal-Mensual", "Q4Projecto-Presupuesto-Personal-Mensual.csproj", "{BB844018-1D0D-42C2-9D70-73946DAF5EBB}"
EndProject
Global
	GlobalSection(SolutionConfigurationPlatforms) = preSolution
		Debug|Any CPU = Debug|Any CPU
		Release|Any CPU = Release|Any CPU
	EndGlobalSection
	GlobalSection(ProjectConfigurationPlatforms) = postSolution
		{BB844018-1D0D-42C2-9D70-73946DAF5EBB}.Debug|Any CPU.ActiveCfg = Debug|Any CPU
		{BB844018-1D0D-42C2-9D70-73946DAF5EBB}.Debug|Any CPU.Build.0 = Debug|Any CPU
		{BB844018-1D0D-42C2-9D70-73946DAF5EBB}.Release|Any CPU.ActiveCfg = Release|Any CPU
		{BB844018-1D0D-42C2-9D70-73946DAF5EBB}.Release|Any CPU.Build.0 = Release|Any CPU
	EndGlobalSection
	GlobalSection(SolutionProperties) = preSolution
		HideSolutionNode = FALSE
	EndGlobalSection
	GlobalSection(ExtensibilityGlobals) = postSolution
		SolutionGuid = {FC8AE04E-DD03-42DD-9194-72147F54E6BA}
	EndGlobalSection
EndGlobal
